// !$*UTF8*$!
{
	archiveVersion = 1;
	classes = {
	};
	objectVersion = 55;
	objects = {

/* Begin PBXBuildFile section */
		AF807D1027F3F7C9009839A3 /* bg4.jpg in Resources */ = {isa = PBXBuildFile; fileRef = AF807D0F27F3F7C9009839A3 /* bg4.jpg */; };
		AF807D1227F3F835009839A3 /* bg5.png in Resources */ = {isa = PBXBuildFile; fileRef = AF807D1127F3F835009839A3 /* bg5.png */; };
		AF807D1427F3F991009839A3 /* RegisterViewController.swift in Sources */ = {isa = PBXBuildFile; fileRef = AF807D1327F3F991009839A3 /* RegisterViewController.swift */; };
		AF807D1627F3FAB8009839A3 /* Data.swift in Sources */ = {isa = PBXBuildFile; fileRef = AF807D1527F3FAB8009839A3 /* Data.swift */; };
		AF807D1D27F3FF7D009839A3 /* HomeViewController.swift in Sources */ = {isa = PBXBuildFile; fileRef = AF807D1C27F3FF7D009839A3 /* HomeViewController.swift */; };
		AF807D1F27F4CE7B009839A3 /* ProjectDatabase.db in Resources */ = {isa = PBXBuildFile; fileRef = AF807D1E27F4CE7B009839A3 /* ProjectDatabase.db */; };
		AF807D2127F4D0DA009839A3 /* AddRecipeViewController.swift in Sources */ = {isa = PBXBuildFile; fileRef = AF807D2027F4D0DA009839A3 /* AddRecipeViewController.swift */; };
		AFA96E6F27F3C8E900A63A60 /* AppDelegate.swift in Sources */ = {isa = PBXBuildFile; fileRef = AFA96E6E27F3C8E900A63A60 /* AppDelegate.swift */; };
		AFA96E7127F3C8E900A63A60 /* SceneDelegate.swift in Sources */ = {isa = PBXBuildFile; fileRef = AFA96E7027F3C8E900A63A60 /* SceneDelegate.swift */; };
		AFA96E7327F3C8E900A63A60 /* ViewController.swift in Sources */ = {isa = PBXBuildFile; fileRef = AFA96E7227F3C8E900A63A60 /* ViewController.swift */; };
		AFA96E7627F3C8E900A63A60 /* Main.storyboard in Resources */ = {isa = PBXBuildFile; fileRef = AFA96E7427F3C8E900A63A60 /* Main.storyboard */; };
		AFA96E7827F3C8EA00A63A60 /* Assets.xcassets in Resources */ = {isa = PBXBuildFile; fileRef = AFA96E7727F3C8EA00A63A60 /* Assets.xcassets */; };
		AFA96E7B27F3C8EA00A63A60 /* LaunchScreen.storyboard in Resources */ = {isa = PBXBuildFile; fileRef = AFA96E7927F3C8EA00A63A60 /* LaunchScreen.storyboard */; };
/* End PBXBuildFile section */

/* Begin PBXFileReference section */
		AF807D0D27F3CE30009839A3 /* bg.png */ = {isa = PBXFileReference; lastKnownFileType = image.png; path = bg.png; sourceTree = "<group>"; };
		AF807D0E27F3CF85009839A3 /* bg2.png */ = {isa = PBXFileReference; lastKnownFileType = image.png; path = bg2.png; sourceTree = "<group>"; };
		AF807D0F27F3F7C9009839A3 /* bg4.jpg */ = {isa = PBXFileReference; lastKnownFileType = image.jpeg; path = bg4.jpg; sourceTree = "<group>"; };
		AF807D1127F3F835009839A3 /* bg5.png */ = {isa = PBXFileReference; lastKnownFileType = image.png; path = bg5.png; sourceTree = "<group>"; };
		AF807D1327F3F991009839A3 /* RegisterViewController.swift */ = {isa = PBXFileReference; lastKnownFileType = sourcecode.swift; path = RegisterViewController.swift; sourceTree = "<group>"; };
		AF807D1527F3FAB8009839A3 /* Data.swift */ = {isa = PBXFileReference; lastKnownFileType = sourcecode.swift; path = Data.swift; sourceTree = "<group>"; };
		AF807D1A27F3FB0F009839A3 /* libsqlite3.tbd */ = {isa = PBXFileReference; lastKnownFileType = "sourcecode.text-based-dylib-definition"; name = libsqlite3.tbd; path = usr/lib/libsqlite3.tbd; sourceTree = SDKROOT; };
		AF807D1B27F3FB0F009839A3 /* libsqlite3.0.tbd */ = {isa = PBXFileReference; lastKnownFileType = "sourcecode.text-based-dylib-definition"; name = libsqlite3.0.tbd; path = usr/lib/libsqlite3.0.tbd; sourceTree = SDKROOT; };
		AF807D1C27F3FF7D009839A3 /* HomeViewController.swift */ = {isa = PBXFileReference; lastKnownFileType = sourcecode.swift; path = HomeViewController.swift; sourceTree = "<group>"; };
		AF807D1E27F4CE7B009839A3 /* ProjectDatabase.db */ = {isa = PBXFileReference; lastKnownFileType = file; name = ProjectDatabase.db; path = ../../../../ProjectDatabase.db; sourceTree = "<group>"; };
		AF807D2027F4D0DA009839A3 /* AddRecipeViewController.swift */ = {isa = PBXFileReference; lastKnownFileType = sourcecode.swift; path = AddRecipeViewController.swift; sourceTree = "<group>"; };
		AFA96E6B27F3C8E900A63A60 /* Group-Project.app */ = {isa = PBXFileReference; explicitFileType = wrapper.application; includeInIndex = 0; path = "Group-Project.app"; sourceTree = BUILT_PRODUCTS_DIR; };
		AFA96E6E27F3C8E900A63A60 /* AppDelegate.swift */ = {isa = PBXFileReference; lastKnownFileType = sourcecode.swift; path = AppDelegate.swift; sourceTree = "<group>"; };
		AFA96E7027F3C8E900A63A60 /* SceneDelegate.swift */ = {isa = PBXFileReference; lastKnownFileType = sourcecode.swift; path = SceneDelegate.swift; sourceTree = "<group>"; };
		AFA96E7227F3C8E900A63A60 /* ViewController.swift */ = {isa = PBXFileReference; lastKnownFileType = sourcecode.swift; path = ViewController.swift; sourceTree = "<group>"; };
		AFA96E7527F3C8E900A63A60 /* Base */ = {isa = PBXFileReference; lastKnownFileType = file.storyboard; name = Base; path = Base.lproj/Main.storyboard; sourceTree = "<group>"; };
		AFA96E7727F3C8EA00A63A60 /* Assets.xcassets */ = {isa = PBXFileReference; lastKnownFileType = folder.assetcatalog; path = Assets.xcassets; sourceTree = "<group>"; };
		AFA96E7A27F3C8EA00A63A60 /* Base */ = {isa = PBXFileReference; lastKnownFileType = file.storyboard; name = Base; path = Base.lproj/LaunchScreen.storyboard; sourceTree = "<group>"; };
		AFA96E7C27F3C8EA00A63A60 /* Info.plist */ = {isa = PBXFileReference; lastKnownFileType = text.plist.xml; path = Info.plist; sourceTree = "<group>"; };
/* End PBXFileReference section */

/* Begin PBXFrameworksBuildPhase section */
		AFA96E6827F3C8E900A63A60 /* Frameworks */ = {
			isa = PBXFrameworksBuildPhase;
			buildActionMask = 2147483647;
			files = (
			);
			runOnlyForDeploymentPostprocessing = 0;
		};
/* End PBXFrameworksBuildPhase section */

/* Begin PBXGroup section */
		AF807D1927F3FB0E009839A3 /* Frameworks */ = {
			isa = PBXGroup;
			children = (
				AF807D1B27F3FB0F009839A3 /* libsqlite3.0.tbd */,
				AF807D1A27F3FB0F009839A3 /* libsqlite3.tbd */,
			);
			name = Frameworks;
			sourceTree = "<group>";
		};
		AFA96E6227F3C8E900A63A60 = {
			isa = PBXGroup;
			children = (
				AFA96E6D27F3C8E900A63A60 /* Group-Project */,
				AFA96E6C27F3C8E900A63A60 /* Products */,
				AF807D1927F3FB0E009839A3 /* Frameworks */,
			);
			sourceTree = "<group>";
		};
		AFA96E6C27F3C8E900A63A60 /* Products */ = {
			isa = PBXGroup;
			children = (
				AFA96E6B27F3C8E900A63A60 /* Group-Project.app */,
			);
			name = Products;
			sourceTree = "<group>";
		};
		AFA96E6D27F3C8E900A63A60 /* Group-Project */ = {
			isa = PBXGroup;
			children = (
				AFA96E8627F3C91900A63A60 /* Classes */,
				AFA96E8527F3C91000A63A60 /* ViewControllers */,
				AFA96E8427F3C90700A63A60 /* Storyboards */,
				AFA96E8327F3C8FE00A63A60 /* Images */,
				AFA96E8227F3C8F200A63A60 /* Database */,
				AFA96E7C27F3C8EA00A63A60 /* Info.plist */,
			);
			path = "Group-Project";
			sourceTree = "<group>";
		};
		AFA96E8227F3C8F200A63A60 /* Database */ = {
			isa = PBXGroup;
			children = (
				AF807D1E27F4CE7B009839A3 /* ProjectDatabase.db */,
			);
			path = Database;
			sourceTree = "<group>";
		};
		AFA96E8327F3C8FE00A63A60 /* Images */ = {
			isa = PBXGroup;
			children = (
				AF807D1127F3F835009839A3 /* bg5.png */,
				AF807D0F27F3F7C9009839A3 /* bg4.jpg */,
				AF807D0E27F3CF85009839A3 /* bg2.png */,
				AF807D0D27F3CE30009839A3 /* bg.png */,
				AFA96E7727F3C8EA00A63A60 /* Assets.xcassets */,
			);
			path = Images;
			sourceTree = "<group>";
		};
		AFA96E8427F3C90700A63A60 /* Storyboards */ = {
			isa = PBXGroup;
			children = (
				AFA96E7927F3C8EA00A63A60 /* LaunchScreen.storyboard */,
				AFA96E7427F3C8E900A63A60 /* Main.storyboard */,
			);
			path = Storyboards;
			sourceTree = "<group>";
		};
		AFA96E8527F3C91000A63A60 /* ViewControllers */ = {
			isa = PBXGroup;
			children = (
				AFA96E7227F3C8E900A63A60 /* ViewController.swift */,
				AF807D1327F3F991009839A3 /* RegisterViewController.swift */,
				AF807D1C27F3FF7D009839A3 /* HomeViewController.swift */,
				AF807D2027F4D0DA009839A3 /* AddRecipeViewController.swift */,
			);
			path = ViewControllers;
			sourceTree = "<group>";
		};
		AFA96E8627F3C91900A63A60 /* Classes */ = {
			isa = PBXGroup;
			children = (
				AFA96E7027F3C8E900A63A60 /* SceneDelegate.swift */,
				AFA96E6E27F3C8E900A63A60 /* AppDelegate.swift */,
				AF807D1527F3FAB8009839A3 /* Data.swift */,
			);
			path = Classes;
			sourceTree = "<group>";
		};
/* End PBXGroup section */

/* Begin PBXNativeTarget section */
		AFA96E6A27F3C8E900A63A60 /* Group-Project */ = {
			isa = PBXNativeTarget;
			buildConfigurationList = AFA96E7F27F3C8EA00A63A60 /* Build configuration list for PBXNativeTarget "Group-Project" */;
			buildPhases = (
				AFA96E6727F3C8E900A63A60 /* Sources */,
				AFA96E6827F3C8E900A63A60 /* Frameworks */,
				AFA96E6927F3C8E900A63A60 /* Resources */,
			);
			buildRules = (
			);
			dependencies = (
			);
			name = "Group-Project";
			productName = "Group-Project";
			productReference = AFA96E6B27F3C8E900A63A60 /* Group-Project.app */;
			productType = "com.apple.product-type.application";
		};
/* End PBXNativeTarget section */

/* Begin PBXProject section */
		AFA96E6327F3C8E900A63A60 /* Project object */ = {
			isa = PBXProject;
			attributes = {
				BuildIndependentTargetsInParallel = 1;
				LastSwiftUpdateCheck = 1320;
				LastUpgradeCheck = 1320;
				TargetAttributes = {
					AFA96E6A27F3C8E900A63A60 = {
						CreatedOnToolsVersion = 13.2.1;
					};
				};
			};
			buildConfigurationList = AFA96E6627F3C8E900A63A60 /* Build configuration list for PBXProject "Group-Project" */;
			compatibilityVersion = "Xcode 13.0";
			developmentRegion = en;
			hasScannedForEncodings = 0;
			knownRegions = (
				en,
				Base,
			);
			mainGroup = AFA96E6227F3C8E900A63A60;
			productRefGroup = AFA96E6C27F3C8E900A63A60 /* Products */;
			projectDirPath = "";
			projectRoot = "";
			targets = (
				AFA96E6A27F3C8E900A63A60 /* Group-Project */,
			);
		};
/* End PBXProject section */

/* Begin PBXResourcesBuildPhase section */
		AFA96E6927F3C8E900A63A60 /* Resources */ = {
			isa = PBXResourcesBuildPhase;
			buildActionMask = 2147483647;
			files = (
				AF807D1227F3F835009839A3 /* bg5.png in Resources */,
				AFA96E7B27F3C8EA00A63A60 /* LaunchScreen.storyboard in Resources */,
				AF807D1F27F4CE7B009839A3 /* ProjectDatabase.db in Resources */,
				AFA96E7827F3C8EA00A63A60 /* Assets.xcassets in Resources */,
				AFA96E7627F3C8E900A63A60 /* Main.storyboard in Resources */,
				AF807D1027F3F7C9009839A3 /* bg4.jpg in Resources */,
			);
			runOnlyForDeploymentPostprocessing = 0;
		};
/* End PBXResourcesBuildPhase section */

/* Begin PBXSourcesBuildPhase section */
		AFA96E6727F3C8E900A63A60 /* Sources */ = {
			isa = PBXSourcesBuildPhase;
			buildActionMask = 2147483647;
			files = (
				AFA96E7327F3C8E900A63A60 /* ViewController.swift in Sources */,
				AF807D2127F4D0DA009839A3 /* AddRecipeViewController.swift in Sources */,
				AF807D1627F3FAB8009839A3 /* Data.swift in Sources */,
				AFA96E6F27F3C8E900A63A60 /* AppDelegate.swift in Sources */,
				AFA96E7127F3C8E900A63A60 /* SceneDelegate.swift in Sources */,
				AF807D1427F3F991009839A3 /* RegisterViewController.swift in Sources */,
				AF807D1D27F3FF7D009839A3 /* HomeViewController.swift in Sources */,
			);
			runOnlyForDeploymentPostprocessing = 0;
		};
/* End PBXSourcesBuildPhase section */

/* Begin PBXVariantGroup section */
		AFA96E7427F3C8E900A63A60 /* Main.storyboard */ = {
			isa = PBXVariantGroup;
			children = (
				AFA96E7527F3C8E900A63A60 /* Base */,
			);
			name = Main.storyboard;
			sourceTree = "<group>";
		};
		AFA96E7927F3C8EA00A63A60 /* LaunchScreen.storyboard */ = {
			isa = PBXVariantGroup;
			children = (
				AFA96E7A27F3C8EA00A63A60 /* Base */,
			);
			name = LaunchScreen.storyboard;
			sourceTree = "<group>";
		};
/* End PBXVariantGroup section */

/* Begin XCBuildConfiguration section */
		AFA96E7D27F3C8EA00A63A60 /* Debug */ = {
			isa = XCBuildConfiguration;
			buildSettings = {
				ALWAYS_SEARCH_USER_PATHS = NO;
				CLANG_ANALYZER_NONNULL = YES;
				CLANG_ANALYZER_NUMBER_OBJECT_CONVERSION = YES_AGGRESSIVE;
				CLANG_CXX_LANGUAGE_STANDARD = "gnu++17";
				CLANG_CXX_LIBRARY = "libc++";
				CLANG_ENABLE_MODULES = YES;
				CLANG_ENABLE_OBJC_ARC = YES;
				CLANG_ENABLE_OBJC_WEAK = YES;
				CLANG_WARN_BLOCK_CAPTURE_AUTORELEASING = YES;
				CLANG_WARN_BOOL_CONVERSION = YES;
				CLANG_WARN_COMMA = YES;
				CLANG_WARN_CONSTANT_CONVERSION = YES;
				CLANG_WARN_DEPRECATED_OBJC_IMPLEMENTATIONS = YES;
				CLANG_WARN_DIRECT_OBJC_ISA_USAGE = YES_ERROR;
				CLANG_WARN_DOCUMENTATION_COMMENTS = YES;
				CLANG_WARN_EMPTY_BODY = YES;
				CLANG_WARN_ENUM_CONVERSION = YES;
				CLANG_WARN_INFINITE_RECURSION = YES;
				CLANG_WARN_INT_CONVERSION = YES;
				CLANG_WARN_NON_LITERAL_NULL_CONVERSION = YES;
				CLANG_WARN_OBJC_IMPLICIT_RETAIN_SELF = YES;
				CLANG_WARN_OBJC_LITERAL_CONVERSION = YES;
				CLANG_WARN_OBJC_ROOT_CLASS = YES_ERROR;
				CLANG_WARN_QUOTED_INCLUDE_IN_FRAMEWORK_HEADER = YES;
				CLANG_WARN_RANGE_LOOP_ANALYSIS = YES;
				CLANG_WARN_STRICT_PROTOTYPES = YES;
				CLANG_WARN_SUSPICIOUS_MOVE = YES;
				CLANG_WARN_UNGUARDED_AVAILABILITY = YES_AGGRESSIVE;
				CLANG_WARN_UNREACHABLE_CODE = YES;
				CLANG_WARN__DUPLICATE_METHOD_MATCH = YES;
				COPY_PHASE_STRIP = NO;
				DEBUG_INFORMATION_FORMAT = dwarf;
				ENABLE_STRICT_OBJC_MSGSEND = YES;
				ENABLE_TESTABILITY = YES;
				GCC_C_LANGUAGE_STANDARD = gnu11;
				GCC_DYNAMIC_NO_PIC = NO;
				GCC_NO_COMMON_BLOCKS = YES;
				GCC_OPTIMIZATION_LEVEL = 0;
				GCC_PREPROCESSOR_DEFINITIONS = (
					"DEBUG=1",
					"$(inherited)",
				);
				GCC_WARN_64_TO_32_BIT_CONVERSION = YES;
				GCC_WARN_ABOUT_RETURN_TYPE = YES_ERROR;
				GCC_WARN_UNDECLARED_SELECTOR = YES;
				GCC_WARN_UNINITIALIZED_AUTOS = YES_AGGRESSIVE;
				GCC_WARN_UNUSED_FUNCTION = YES;
				GCC_WARN_UNUSED_VARIABLE = YES;
				IPHONEOS_DEPLOYMENT_TARGET = 15.2;
				MTL_ENABLE_DEBUG_INFO = INCLUDE_SOURCE;
				MTL_FAST_MATH = YES;
				ONLY_ACTIVE_ARCH = YES;
				SDKROOT = iphoneos;
				SWIFT_ACTIVE_COMPILATION_CONDITIONS = DEBUG;
				SWIFT_OPTIMIZATION_LEVEL = "-Onone";
			};
			name = Debug;
		};
		AFA96E7E27F3C8EA00A63A60 /* Release */ = {
			isa = XCBuildConfiguration;
			buildSettings = {
				ALWAYS_SEARCH_USER_PATHS = NO;
				CLANG_ANALYZER_NONNULL = YES;
				CLANG_ANALYZER_NUMBER_OBJECT_CONVERSION = YES_AGGRESSIVE;
				CLANG_CXX_LANGUAGE_STANDARD = "gnu++17";
				CLANG_CXX_LIBRARY = "libc++";
				CLANG_ENABLE_MODULES = YES;
				CLANG_ENABLE_OBJC_ARC = YES;
				CLANG_ENABLE_OBJC_WEAK = YES;
				CLANG_WARN_BLOCK_CAPTURE_AUTORELEASING = YES;
				CLANG_WARN_BOOL_CONVERSION = YES;
				CLANG_WARN_COMMA = YES;
				CLANG_WARN_CONSTANT_CONVERSION = YES;
				CLANG_WARN_DEPRECATED_OBJC_IMPLEMENTATIONS = YES;
				CLANG_WARN_DIRECT_OBJC_ISA_USAGE = YES_ERROR;
				CLANG_WARN_DOCUMENTATION_COMMENTS = YES;
				CLANG_WARN_EMPTY_BODY = YES;
				CLANG_WARN_ENUM_CONVERSION = YES;
				CLANG_WARN_INFINITE_RECURSION = YES;
				CLANG_WARN_INT_CONVERSION = YES;
				CLANG_WARN_NON_LITERAL_NULL_CONVERSION = YES;
				CLANG_WARN_OBJC_IMPLICIT_RETAIN_SELF = YES;
				CLANG_WARN_OBJC_LITERAL_CONVERSION = YES;
				CLANG_WARN_OBJC_ROOT_CLASS = YES_ERROR;
				CLANG_WARN_QUOTED_INCLUDE_IN_FRAMEWORK_HEADER = YES;
				CLANG_WARN_RANGE_LOOP_ANALYSIS = YES;
				CLANG_WARN_STRICT_PROTOTYPES = YES;
				CLANG_WARN_SUSPICIOUS_MOVE = YES;
				CLANG_WARN_UNGUARDED_AVAILABILITY = YES_AGGRESSIVE;
				CLANG_WARN_UNREACHABLE_CODE = YES;
				CLANG_WARN__DUPLICATE_METHOD_MATCH = YES;
				COPY_PHASE_STRIP = NO;
				DEBUG_INFORMATION_FORMAT = "dwarf-with-dsym";
				ENABLE_NS_ASSERTIONS = NO;
				ENABLE_STRICT_OBJC_MSGSEND = YES;
				GCC_C_LANGUAGE_STANDARD = gnu11;
				GCC_NO_COMMON_BLOCKS = YES;
				GCC_WARN_64_TO_32_BIT_CONVERSION = YES;
				GCC_WARN_ABOUT_RETURN_TYPE = YES_ERROR;
				GCC_WARN_UNDECLARED_SELECTOR = YES;
				GCC_WARN_UNINITIALIZED_AUTOS = YES_AGGRESSIVE;
				GCC_WARN_UNUSED_FUNCTION = YES;
				GCC_WARN_UNUSED_VARIABLE = YES;
				IPHONEOS_DEPLOYMENT_TARGET = 15.2;
				MTL_ENABLE_DEBUG_INFO = NO;
				MTL_FAST_MATH = YES;
				SDKROOT = iphoneos;
				SWIFT_COMPILATION_MODE = wholemodule;
				SWIFT_OPTIMIZATION_LEVEL = "-O";
				VALIDATE_PRODUCT = YES;
			};
			name = Release;
		};
		AFA96E8027F3C8EA00A63A60 /* Debug */ = {
			isa = XCBuildConfiguration;
			buildSettings = {
				ASSETCATALOG_COMPILER_APPICON_NAME = AppIcon;
				ASSETCATALOG_COMPILER_GLOBAL_ACCENT_COLOR_NAME = AccentColor;
				CODE_SIGN_STYLE = Automatic;
				CURRENT_PROJECT_VERSION = 1;
				GENERATE_INFOPLIST_FILE = YES;
				INFOPLIST_FILE = "Group-Project/Info.plist";
				INFOPLIST_KEY_UIApplicationSupportsIndirectInputEvents = YES;
				INFOPLIST_KEY_UILaunchStoryboardName = LaunchScreen;
				INFOPLIST_KEY_UIMainStoryboardFile = Main;
				INFOPLIST_KEY_UISupportedInterfaceOrientations_iPad = "UIInterfaceOrientationPortrait UIInterfaceOrientationPortraitUpsideDown UIInterfaceOrientationLandscapeLeft UIInterfaceOrientationLandscapeRight";
				INFOPLIST_KEY_UISupportedInterfaceOrientations_iPhone = "UIInterfaceOrientationPortrait UIInterfaceOrientationLandscapeLeft UIInterfaceOrientationLandscapeRight";
				LD_RUNPATH_SEARCH_PATHS = (
					"$(inherited)",
					"@executable_path/Frameworks",
				);
				MARKETING_VERSION = 1.0;
				PRODUCT_BUNDLE_IDENTIFIER = "Karanveer-Singh.Group-Project";
				PRODUCT_NAME = "$(TARGET_NAME)";
				SWIFT_EMIT_LOC_STRINGS = YES;
				SWIFT_VERSION = 5.0;
				TARGETED_DEVICE_FAMILY = "1,2";
			};
			name = Debug;
		};
		AFA96E8127F3C8EA00A63A60 /* Release */ = {
			isa = XCBuildConfiguration;
			buildSettings = {
				ASSETCATALOG_COMPILER_APPICON_NAME = AppIcon;
				ASSETCATALOG_COMPILER_GLOBAL_ACCENT_COLOR_NAME = AccentColor;
				CODE_SIGN_STYLE = Automatic;
				CURRENT_PROJECT_VERSION = 1;
				GENERATE_INFOPLIST_FILE = YES;
				INFOPLIST_FILE = "Group-Project/Info.plist";
				INFOPLIST_KEY_UIApplicationSupportsIndirectInputEvents = YES;
				INFOPLIST_KEY_UILaunchStoryboardName = LaunchScreen;
				INFOPLIST_KEY_UIMainStoryboardFile = Main;
				INFOPLIST_KEY_UISupportedInterfaceOrientations_iPad = "UIInterfaceOrientationPortrait UIInterfaceOrientationPortraitUpsideDown UIInterfaceOrientationLandscapeLeft UIInterfaceOrientationLandscapeRight";
				INFOPLIST_KEY_UISupportedInterfaceOrientations_iPhone = "UIInterfaceOrientationPortrait UIInterfaceOrientationLandscapeLeft UIInterfaceOrientationLandscapeRight";
				LD_RUNPATH_SEARCH_PATHS = (
					"$(inherited)",
					"@executable_path/Frameworks",
				);
				MARKETING_VERSION = 1.0;
				PRODUCT_BUNDLE_IDENTIFIER = "Karanveer-Singh.Group-Project";
				PRODUCT_NAME = "$(TARGET_NAME)";
				SWIFT_EMIT_LOC_STRINGS = YES;
				SWIFT_VERSION = 5.0;
				TARGETED_DEVICE_FAMILY = "1,2";
			};
			name = Release;
		};
/* End XCBuildConfiguration section */

/* Begin XCConfigurationList section */
		AFA96E6627F3C8E900A63A60 /* Build configuration list for PBXProject "Group-Project" */ = {
			isa = XCConfigurationList;
			buildConfigurations = (
				AFA96E7D27F3C8EA00A63A60 /* Debug */,
				AFA96E7E27F3C8EA00A63A60 /* Release */,
			);
			defaultConfigurationIsVisible = 0;
			defaultConfigurationName = Release;
		};
		AFA96E7F27F3C8EA00A63A60 /* Build configuration list for PBXNativeTarget "Group-Project" */ = {
			isa = XCConfigurationList;
			buildConfigurations = (
				AFA96E8027F3C8EA00A63A60 /* Debug */,
				AFA96E8127F3C8EA00A63A60 /* Release */,
			);
			defaultConfigurationIsVisible = 0;
			defaultConfigurationName = Release;
		};
/* End XCConfigurationList section */
	};
	rootObject = AFA96E6327F3C8E900A63A60 /* Project object */;
}
